
Microsoft Visual Studio Solution File, Format Version 12.00
# Visual Studio 14
VisualStudioVersion = 14.0.25420.1
MinimumVisualStudioVersion = 10.0.40219.1
Project("{FAE04EC0-301F-11D3-BF4B-00C04F79EFBC}") = "ClasseAcces", "ClasseAcces\ClasseAcces.csproj", "{1878E3EB-DEF5-4504-9709-433534BC0D55}"
EndProject
Project("{FAE04EC0-301F-11D3-BF4B-00C04F79EFBC}") = "WinFormConnection", "WinFormConnection\WinFormConnection.csproj", "{BA508582-2777-4BF2-9989-C1727144305A}"
EndProject
Project("{FAE04EC0-301F-11D3-BF4B-00C04F79EFBC}") = "ExceptionsProjet", "ExceptionsProjet\ExceptionsProjet.csproj", "{0251037B-C361-4832-A933-FE3EA8907772}"
EndProject
Global
	GlobalSection(SolutionConfigurationPlatforms) = preSolution
		Debug|Any CPU = Debug|Any CPU
		Release|Any CPU = Release|Any CPU
	EndGlobalSection
	GlobalSection(ProjectConfigurationPlatforms) = postSolution
		{1878E3EB-DEF5-4504-9709-433534BC0D55}.Debug|Any CPU.ActiveCfg = Debug|Any CPU
		{1878E3EB-DEF5-4504-9709-433534BC0D55}.Debug|Any CPU.Build.0 = Debug|Any CPU
		{1878E3EB-DEF5-4504-9709-433534BC0D55}.Release|Any CPU.ActiveCfg = Release|Any CPU
		{1878E3EB-DEF5-4504-9709-433534BC0D55}.Release|Any CPU.Build.0 = Release|Any CPU
		{BA508582-2777-4BF2-9989-C1727144305A}.Debug|Any CPU.ActiveCfg = Debug|Any CPU
		{BA508582-2777-4BF2-9989-C1727144305A}.Debug|Any CPU.Build.0 = Debug|Any CPU
		{BA508582-2777-4BF2-9989-C1727144305A}.Release|Any CPU.ActiveCfg = Release|Any CPU
		{BA508582-2777-4BF2-9989-C1727144305A}.Release|Any CPU.Build.0 = Release|Any CPU
		{0251037B-C361-4832-A933-FE3EA8907772}.Debug|Any CPU.ActiveCfg = Debug|Any CPU
		{0251037B-C361-4832-A933-FE3EA8907772}.Debug|Any CPU.Build.0 = Debug|Any CPU
		{0251037B-C361-4832-A933-FE3EA8907772}.Release|Any CPU.ActiveCfg = Release|Any CPU
		{0251037B-C361-4832-A933-FE3EA8907772}.Release|Any CPU.Build.0 = Release|Any CPU
	EndGlobalSection
	GlobalSection(SolutionProperties) = preSolution
		HideSolutionNode = FALSE
	EndGlobalSection
EndGlobal
